
Microsoft Visual Studio Solution File, Format Version 12.00
# Visual Studio 15
VisualStudioVersion = 15.0.28307.329
MinimumVisualStudioVersion = 10.0.40219.1
Project("{FAE04EC0-301F-11D3-BF4B-00C04F79EFBC}") = "AmazonProject", "AmazonProject\AmazonProject.csproj", "{FF7C6E97-217B-4CF3-9F19-F30C26DB410F}"
EndProject
Global
	GlobalSection(SolutionConfigurationPlatforms) = preSolution
		Debug|Any CPU = Debug|Any CPU
		Release|Any CPU = Release|Any CPU
	EndGlobalSection
	GlobalSection(ProjectConfigurationPlatforms) = postSolution
		{FF7C6E97-217B-4CF3-9F19-F30C26DB410F}.Debug|Any CPU.ActiveCfg = Debug|Any CPU
		{FF7C6E97-217B-4CF3-9F19-F30C26DB410F}.Debug|Any CPU.Build.0 = Debug|Any CPU
		{FF7C6E97-217B-4CF3-9F19-F30C26DB410F}.Release|Any CPU.ActiveCfg = Release|Any CPU
		{FF7C6E97-217B-4CF3-9F19-F30C26DB410F}.Release|Any CPU.Build.0 = Release|Any CPU
	EndGlobalSection
	GlobalSection(SolutionProperties) = preSolution
		HideSolutionNode = FALSE
	EndGlobalSection
	GlobalSection(ExtensibilityGlobals) = postSolution
		SolutionGuid = {9D056BBA-C4F2-4A0B-AC5E-03CAF7079F4E}
	EndGlobalSection
EndGlobal
